
Microsoft Visual Studio Solution File, Format Version 12.00
# Visual Studio Version 16
VisualStudioVersion = 16.0.31729.503
MinimumVisualStudioVersion = 10.0.40219.1
Project("{FAE04EC0-301F-11D3-BF4B-00C04F79EFBC}") = "cs_contact_tracing", "cs_contact_tracing\cs_contact_tracing.csproj", "{97F93D78-FF5E-458C-874F-F59340988EC8}"
EndProject
Global
	GlobalSection(SolutionConfigurationPlatforms) = preSolution
		Debug|Any CPU = Debug|Any CPU
		Release|Any CPU = Release|Any CPU
	EndGlobalSection
	GlobalSection(ProjectConfigurationPlatforms) = postSolution
		{97F93D78-FF5E-458C-874F-F59340988EC8}.Debug|Any CPU.ActiveCfg = Debug|Any CPU
		{97F93D78-FF5E-458C-874F-F59340988EC8}.Debug|Any CPU.Build.0 = Debug|Any CPU
		{97F93D78-FF5E-458C-874F-F59340988EC8}.Release|Any CPU.ActiveCfg = Release|Any CPU
		{97F93D78-FF5E-458C-874F-F59340988EC8}.Release|Any CPU.Build.0 = Release|Any CPU
	EndGlobalSection
	GlobalSection(SolutionProperties) = preSolution
		HideSolutionNode = FALSE
	EndGlobalSection
	GlobalSection(ExtensibilityGlobals) = postSolution
		SolutionGuid = {5B5CDD79-4B23-49BD-B37A-0F665BBC3C9D}
	EndGlobalSection
EndGlobal
